
Microsoft Visual Studio Solution File, Format Version 12.00
# Visual Studio Version 16
VisualStudioVersion = 16.0.810.17
MinimumVisualStudioVersion = 10.0.40219.1
Project("{FAE04EC0-301F-11D3-BF4B-00C04F79EFBC}") = "RepoTask", "RepoTask\RepoTask.csproj", "{471D6ED3-FA87-44F9-A0FF-6FD9EFA9E8BF}"
EndProject
Global
	GlobalSection(SolutionConfigurationPlatforms) = preSolution
		Debug|Any CPU = Debug|Any CPU
		Release|Any CPU = Release|Any CPU
	EndGlobalSection
	GlobalSection(ProjectConfigurationPlatforms) = postSolution
		{471D6ED3-FA87-44F9-A0FF-6FD9EFA9E8BF}.Debug|Any CPU.ActiveCfg = Debug|Any CPU
		{471D6ED3-FA87-44F9-A0FF-6FD9EFA9E8BF}.Debug|Any CPU.Build.0 = Debug|Any CPU
		{471D6ED3-FA87-44F9-A0FF-6FD9EFA9E8BF}.Release|Any CPU.ActiveCfg = Release|Any CPU
		{471D6ED3-FA87-44F9-A0FF-6FD9EFA9E8BF}.Release|Any CPU.Build.0 = Release|Any CPU
	EndGlobalSection
	GlobalSection(SolutionProperties) = preSolution
		HideSolutionNode = FALSE
	EndGlobalSection
	GlobalSection(ExtensibilityGlobals) = postSolution
		SolutionGuid = {EED43C70-EEDB-43B5-9E21-6A5ECF61F0FD}
	EndGlobalSection
EndGlobal
